// !$*UTF8*$!
{
	archiveVersion = 1;
	classes = {
	};
	objectVersion = 46;
	objects = {

/* Begin PBXBuildFile section */
		8709D3681E06B2EC0030BEDF /* AppDelegate.swift in Sources */ = {isa = PBXBuildFile; fileRef = 8709D3671E06B2EC0030BEDF /* AppDelegate.swift */; };
		8709D36A1E06B2EC0030BEDF /* RootViewController.swift in Sources */ = {isa = PBXBuildFile; fileRef = 8709D3691E06B2EC0030BEDF /* RootViewController.swift */; };
		8709D36C1E06B2EC0030BEDF /* DataViewController.swift in Sources */ = {isa = PBXBuildFile; fileRef = 8709D36B1E06B2EC0030BEDF /* DataViewController.swift */; };
		8709D36E1E06B2EC0030BEDF /* ModelController.swift in Sources */ = {isa = PBXBuildFile; fileRef = 8709D36D1E06B2EC0030BEDF /* ModelController.swift */; };
		8709D3711E06B2EC0030BEDF /* Main.storyboard in Resources */ = {isa = PBXBuildFile; fileRef = 8709D36F1E06B2EC0030BEDF /* Main.storyboard */; };
		8709D3731E06B2EC0030BEDF /* Assets.xcassets in Resources */ = {isa = PBXBuildFile; fileRef = 8709D3721E06B2EC0030BEDF /* Assets.xcassets */; };
		8709D3761E06B2EC0030BEDF /* LaunchScreen.storyboard in Resources */ = {isa = PBXBuildFile; fileRef = 8709D3741E06B2EC0030BEDF /* LaunchScreen.storyboard */; };
		8709D3811E06B2EC0030BEDF /* SL_ScannerTests.swift in Sources */ = {isa = PBXBuildFile; fileRef = 8709D3801E06B2EC0030BEDF /* SL_ScannerTests.swift */; };
		8709D38C1E06B2EC0030BEDF /* SL_ScannerUITests.swift in Sources */ = {isa = PBXBuildFile; fileRef = 8709D38B1E06B2EC0030BEDF /* SL_ScannerUITests.swift */; };
/* End PBXBuildFile section */

/* Begin PBXContainerItemProxy section */
		8709D37D1E06B2EC0030BEDF /* PBXContainerItemProxy */ = {
			isa = PBXContainerItemProxy;
			containerPortal = 8709D35C1E06B2EC0030BEDF /* Project object */;
			proxyType = 1;
			remoteGlobalIDString = 8709D3631E06B2EC0030BEDF;
			remoteInfo = "SL-Scanner";
		};
		8709D3881E06B2EC0030BEDF /* PBXContainerItemProxy */ = {
			isa = PBXContainerItemProxy;
			containerPortal = 8709D35C1E06B2EC0030BEDF /* Project object */;
			proxyType = 1;
			remoteGlobalIDString = 8709D3631E06B2EC0030BEDF;
			remoteInfo = "SL-Scanner";
		};
/* End PBXContainerItemProxy section */

/* Begin PBXFileReference section */
		8709D3641E06B2EC0030BEDF /* SL-Scanner.app */ = {isa = PBXFileReference; explicitFileType = wrapper.application; includeInIndex = 0; path = "SL-Scanner.app"; sourceTree = BUILT_PRODUCTS_DIR; };
		8709D3671E06B2EC0030BEDF /* AppDelegate.swift */ = {isa = PBXFileReference; lastKnownFileType = sourcecode.swift; path = AppDelegate.swift; sourceTree = "<group>"; };
		8709D3691E06B2EC0030BEDF /* RootViewController.swift */ = {isa = PBXFileReference; lastKnownFileType = sourcecode.swift; path = RootViewController.swift; sourceTree = "<group>"; };
		8709D36B1E06B2EC0030BEDF /* DataViewController.swift */ = {isa = PBXFileReference; lastKnownFileType = sourcecode.swift; path = DataViewController.swift; sourceTree = "<group>"; };
		8709D36D1E06B2EC0030BEDF /* ModelController.swift */ = {isa = PBXFileReference; lastKnownFileType = sourcecode.swift; path = ModelController.swift; sourceTree = "<group>"; };
		8709D3701E06B2EC0030BEDF /* Base */ = {isa = PBXFileReference; lastKnownFileType = file.storyboard; name = Base; path = Base.lproj/Main.storyboard; sourceTree = "<group>"; };
		8709D3721E06B2EC0030BEDF /* Assets.xcassets */ = {isa = PBXFileReference; lastKnownFileType = folder.assetcatalog; path = Assets.xcassets; sourceTree = "<group>"; };
		8709D3751E06B2EC0030BEDF /* Base */ = {isa = PBXFileReference; lastKnownFileType = file.storyboard; name = Base; path = Base.lproj/LaunchScreen.storyboard; sourceTree = "<group>"; };
		8709D3771E06B2EC0030BEDF /* Info.plist */ = {isa = PBXFileReference; lastKnownFileType = text.plist.xml; path = Info.plist; sourceTree = "<group>"; };
		8709D37C1E06B2EC0030BEDF /* SL-ScannerTests.xctest */ = {isa = PBXFileReference; explicitFileType = wrapper.cfbundle; includeInIndex = 0; path = "SL-ScannerTests.xctest"; sourceTree = BUILT_PRODUCTS_DIR; };
		8709D3801E06B2EC0030BEDF /* SL_ScannerTests.swift */ = {isa = PBXFileReference; lastKnownFileType = sourcecode.swift; path = SL_ScannerTests.swift; sourceTree = "<group>"; };
		8709D3821E06B2EC0030BEDF /* Info.plist */ = {isa = PBXFileReference; lastKnownFileType = text.plist.xml; path = Info.plist; sourceTree = "<group>"; };
		8709D3871E06B2EC0030BEDF /* SL-ScannerUITests.xctest */ = {isa = PBXFileReference; explicitFileType = wrapper.cfbundle; includeInIndex = 0; path = "SL-ScannerUITests.xctest"; sourceTree = BUILT_PRODUCTS_DIR; };
		8709D38B1E06B2EC0030BEDF /* SL_ScannerUITests.swift */ = {isa = PBXFileReference; lastKnownFileType = sourcecode.swift; path = SL_ScannerUITests.swift; sourceTree = "<group>"; };
		8709D38D1E06B2EC0030BEDF /* Info.plist */ = {isa = PBXFileReference; lastKnownFileType = text.plist.xml; path = Info.plist; sourceTree = "<group>"; };
/* End PBXFileReference section */

/* Begin PBXFrameworksBuildPhase section */
		8709D3611E06B2EC0030BEDF /* Frameworks */ = {
			isa = PBXFrameworksBuildPhase;
			buildActionMask = 2147483647;
			files = (
			);
			runOnlyForDeploymentPostprocessing = 0;
		};
		8709D3791E06B2EC0030BEDF /* Frameworks */ = {
			isa = PBXFrameworksBuildPhase;
			buildActionMask = 2147483647;
			files = (
			);
			runOnlyForDeploymentPostprocessing = 0;
		};
		8709D3841E06B2EC0030BEDF /* Frameworks */ = {
			isa = PBXFrameworksBuildPhase;
			buildActionMask = 2147483647;
			files = (
			);
			runOnlyForDeploymentPostprocessing = 0;
		};
/* End PBXFrameworksBuildPhase section */

/* Begin PBXGroup section */
		8709D35B1E06B2EC0030BEDF = {
			isa = PBXGroup;
			children = (
				8709D3661E06B2EC0030BEDF /* SL-Scanner */,
				8709D37F1E06B2EC0030BEDF /* SL-ScannerTests */,
				8709D38A1E06B2EC0030BEDF /* SL-ScannerUITests */,
				8709D3651E06B2EC0030BEDF /* Products */,
			);
			sourceTree = "<group>";
		};
		8709D3651E06B2EC0030BEDF /* Products */ = {
			isa = PBXGroup;
			children = (
				8709D3641E06B2EC0030BEDF /* SL-Scanner.app */,
				8709D37C1E06B2EC0030BEDF /* SL-ScannerTests.xctest */,
				8709D3871E06B2EC0030BEDF /* SL-ScannerUITests.xctest */,
			);
			name = Products;
			sourceTree = "<group>";
		};
		8709D3661E06B2EC0030BEDF /* SL-Scanner */ = {
			isa = PBXGroup;
			children = (
				8709D3671E06B2EC0030BEDF /* AppDelegate.swift */,
				8709D3691E06B2EC0030BEDF /* RootViewController.swift */,
				8709D36B1E06B2EC0030BEDF /* DataViewController.swift */,
				8709D36D1E06B2EC0030BEDF /* ModelController.swift */,
				8709D36F1E06B2EC0030BEDF /* Main.storyboard */,
				8709D3721E06B2EC0030BEDF /* Assets.xcassets */,
				8709D3741E06B2EC0030BEDF /* LaunchScreen.storyboard */,
				8709D3771E06B2EC0030BEDF /* Info.plist */,
			);
			path = "SL-Scanner";
			sourceTree = "<group>";
		};
		8709D37F1E06B2EC0030BEDF /* SL-ScannerTests */ = {
			isa = PBXGroup;
			children = (
				8709D3801E06B2EC0030BEDF /* SL_ScannerTests.swift */,
				8709D3821E06B2EC0030BEDF /* Info.plist */,
			);
			path = "SL-ScannerTests";
			sourceTree = "<group>";
		};
		8709D38A1E06B2EC0030BEDF /* SL-ScannerUITests */ = {
			isa = PBXGroup;
			children = (
				8709D38B1E06B2EC0030BEDF /* SL_ScannerUITests.swift */,
				8709D38D1E06B2EC0030BEDF /* Info.plist */,
			);
			path = "SL-ScannerUITests";
			sourceTree = "<group>";
		};
/* End PBXGroup section */

/* Begin PBXNativeTarget section */
		8709D3631E06B2EC0030BEDF /* SL-Scanner */ = {
			isa = PBXNativeTarget;
			buildConfigurationList = 8709D3901E06B2EC0030BEDF /* Build configuration list for PBXNativeTarget "SL-Scanner" */;
			buildPhases = (
				8709D3601E06B2EC0030BEDF /* Sources */,
				8709D3611E06B2EC0030BEDF /* Frameworks */,
				8709D3621E06B2EC0030BEDF /* Resources */,
			);
			buildRules = (
			);
			dependencies = (
			);
			name = "SL-Scanner";
			productName = "SL-Scanner";
			productReference = 8709D3641E06B2EC0030BEDF /* SL-Scanner.app */;
			productType = "com.apple.product-type.application";
		};
		8709D37B1E06B2EC0030BEDF /* SL-ScannerTests */ = {
			isa = PBXNativeTarget;
			buildConfigurationList = 8709D3931E06B2EC0030BEDF /* Build configuration list for PBXNativeTarget "SL-ScannerTests" */;
			buildPhases = (
				8709D3781E06B2EC0030BEDF /* Sources */,
				8709D3791E06B2EC0030BEDF /* Frameworks */,
				8709D37A1E06B2EC0030BEDF /* Resources */,
			);
			buildRules = (
			);
			dependencies = (
				8709D37E1E06B2EC0030BEDF /* PBXTargetDependency */,
			);
			name = "SL-ScannerTests";
			productName = "SL-ScannerTests";
			productReference = 8709D37C1E06B2EC0030BEDF /* SL-ScannerTests.xctest */;
			productType = "com.apple.product-type.bundle.unit-test";
		};
		8709D3861E06B2EC0030BEDF /* SL-ScannerUITests */ = {
			isa = PBXNativeTarget;
			buildConfigurationList = 8709D3961E06B2EC0030BEDF /* Build configuration list for PBXNativeTarget "SL-ScannerUITests" */;
			buildPhases = (
				8709D3831E06B2EC0030BEDF /* Sources */,
				8709D3841E06B2EC0030BEDF /* Frameworks */,
				8709D3851E06B2EC0030BEDF /* Resources */,
			);
			buildRules = (
			);
			dependencies = (
				8709D3891E06B2EC0030BEDF /* PBXTargetDependency */,
			);
			name = "SL-ScannerUITests";
			productName = "SL-ScannerUITests";
			productReference = 8709D3871E06B2EC0030BEDF /* SL-ScannerUITests.xctest */;
			productType = "com.apple.product-type.bundle.ui-testing";
		};
/* End PBXNativeTarget section */

/* Begin PBXProject section */
		8709D35C1E06B2EC0030BEDF /* Project object */ = {
			isa = PBXProject;
			attributes = {
				LastSwiftUpdateCheck = 0820;
				LastUpgradeCheck = 0820;
				ORGANIZATIONNAME = "Sound And Lights";
				TargetAttributes = {
					8709D3631E06B2EC0030BEDF = {
						CreatedOnToolsVersion = 8.2;
						ProvisioningStyle = Automatic;
					};
					8709D37B1E06B2EC0030BEDF = {
						CreatedOnToolsVersion = 8.2;
						ProvisioningStyle = Automatic;
						TestTargetID = 8709D3631E06B2EC0030BEDF;
					};
					8709D3861E06B2EC0030BEDF = {
						CreatedOnToolsVersion = 8.2;
						ProvisioningStyle = Automatic;
						TestTargetID = 8709D3631E06B2EC0030BEDF;
					};
				};
			};
			buildConfigurationList = 8709D35F1E06B2EC0030BEDF /* Build configuration list for PBXProject "SL-Scanner" */;
			compatibilityVersion = "Xcode 3.2";
			developmentRegion = English;
			hasScannedForEncodings = 0;
			knownRegions = (
				en,
				Base,
			);
			mainGroup = 8709D35B1E06B2EC0030BEDF;
			productRefGroup = 8709D3651E06B2EC0030BEDF /* Products */;
			projectDirPath = "";
			projectRoot = "";
			targets = (
				8709D3631E06B2EC0030BEDF /* SL-Scanner */,
				8709D37B1E06B2EC0030BEDF /* SL-ScannerTests */,
				8709D3861E06B2EC0030BEDF /* SL-ScannerUITests */,
			);
		};
/* End PBXProject section */

/* Begin PBXResourcesBuildPhase section */
		8709D3621E06B2EC0030BEDF /* Resources */ = {
			isa = PBXResourcesBuildPhase;
			buildActionMask = 2147483647;
			files = (
				8709D3761E06B2EC0030BEDF /* LaunchScreen.storyboard in Resources */,
				8709D3731E06B2EC0030BEDF /* Assets.xcassets in Resources */,
				8709D3711E06B2EC0030BEDF /* Main.storyboard in Resources */,
			);
			runOnlyForDeploymentPostprocessing = 0;
		};
		8709D37A1E06B2EC0030BEDF /* Resources */ = {
			isa = PBXResourcesBuildPhase;
			buildActionMask = 2147483647;
			files = (
			);
			runOnlyForDeploymentPostprocessing = 0;
		};
		8709D3851E06B2EC0030BEDF /* Resources */ = {
			isa = PBXResourcesBuildPhase;
			buildActionMask = 2147483647;
			files = (
			);
			runOnlyForDeploymentPostprocessing = 0;
		};
/* End PBXResourcesBuildPhase section */

/* Begin PBXSourcesBuildPhase section */
		8709D3601E06B2EC0030BEDF /* Sources */ = {
			isa = PBXSourcesBuildPhase;
			buildActionMask = 2147483647;
			files = (
				8709D36A1E06B2EC0030BEDF /* RootViewController.swift in Sources */,
				8709D36E1E06B2EC0030BEDF /* ModelController.swift in Sources */,
				8709D36C1E06B2EC0030BEDF /* DataViewController.swift in Sources */,
				8709D3681E06B2EC0030BEDF /* AppDelegate.swift in Sources */,
			);
			runOnlyForDeploymentPostprocessing = 0;
		};
		8709D3781E06B2EC0030BEDF /* Sources */ = {
			isa = PBXSourcesBuildPhase;
			buildActionMask = 2147483647;
			files = (
				8709D3811E06B2EC0030BEDF /* SL_ScannerTests.swift in Sources */,
			);
			runOnlyForDeploymentPostprocessing = 0;
		};
		8709D3831E06B2EC0030BEDF /* Sources */ = {
			isa = PBXSourcesBuildPhase;
			buildActionMask = 2147483647;
			files = (
				8709D38C1E06B2EC0030BEDF /* SL_ScannerUITests.swift in Sources */,
			);
			runOnlyForDeploymentPostprocessing = 0;
		};
/* End PBXSourcesBuildPhase section */

/* Begin PBXTargetDependency section */
		8709D37E1E06B2EC0030BEDF /* PBXTargetDependency */ = {
			isa = PBXTargetDependency;
			target = 8709D3631E06B2EC0030BEDF /* SL-Scanner */;
			targetProxy = 8709D37D1E06B2EC0030BEDF /* PBXContainerItemProxy */;
		};
		8709D3891E06B2EC0030BEDF /* PBXTargetDependency */ = {
			isa = PBXTargetDependency;
			target = 8709D3631E06B2EC0030BEDF /* SL-Scanner */;
			targetProxy = 8709D3881E06B2EC0030BEDF /* PBXContainerItemProxy */;
		};
/* End PBXTargetDependency section */

/* Begin PBXVariantGroup section */
		8709D36F1E06B2EC0030BEDF /* Main.storyboard */ = {
			isa = PBXVariantGroup;
			children = (
				8709D3701E06B2EC0030BEDF /* Base */,
			);
			name = Main.storyboard;
			sourceTree = "<group>";
		};
		8709D3741E06B2EC0030BEDF /* LaunchScreen.storyboard */ = {
			isa = PBXVariantGroup;
			children = (
				8709D3751E06B2EC0030BEDF /* Base */,
			);
			name = LaunchScreen.storyboard;
			sourceTree = "<group>";
		};
/* End PBXVariantGroup section */

/* Begin XCBuildConfiguration section */
		8709D38E1E06B2EC0030BEDF /* Debug */ = {
			isa = XCBuildConfiguration;
			buildSettings = {
				ALWAYS_SEARCH_USER_PATHS = NO;
				CLANG_ANALYZER_NONNULL = YES;
				CLANG_CXX_LANGUAGE_STANDARD = "gnu++0x";
				CLANG_CXX_LIBRARY = "libc++";
				CLANG_ENABLE_MODULES = YES;
				CLANG_ENABLE_OBJC_ARC = YES;
				CLANG_WARN_BOOL_CONVERSION = YES;
				CLANG_WARN_CONSTANT_CONVERSION = YES;
				CLANG_WARN_DIRECT_OBJC_ISA_USAGE = YES_ERROR;
				CLANG_WARN_DOCUMENTATION_COMMENTS = YES;
				CLANG_WARN_EMPTY_BODY = YES;
				CLANG_WARN_ENUM_CONVERSION = YES;
				CLANG_WARN_INFINITE_RECURSION = YES;
				CLANG_WARN_INT_CONVERSION = YES;
				CLANG_WARN_OBJC_ROOT_CLASS = YES_ERROR;
				CLANG_WARN_SUSPICIOUS_MOVE = YES;
				CLANG_WARN_UNREACHABLE_CODE = YES;
				CLANG_WARN__DUPLICATE_METHOD_MATCH = YES;
				"CODE_SIGN_IDENTITY[sdk=iphoneos*]" = "iPhone Developer";
				COPY_PHASE_STRIP = NO;
				DEBUG_INFORMATION_FORMAT = dwarf;
				ENABLE_STRICT_OBJC_MSGSEND = YES;
				ENABLE_TESTABILITY = YES;
				GCC_C_LANGUAGE_STANDARD = gnu99;
				GCC_DYNAMIC_NO_PIC = NO;
				GCC_NO_COMMON_BLOCKS = YES;
				GCC_OPTIMIZATION_LEVEL = 0;
				GCC_PREPROCESSOR_DEFINITIONS = (
					"DEBUG=1",
					"$(inherited)",
				);
				GCC_WARN_64_TO_32_BIT_CONVERSION = YES;
				GCC_WARN_ABOUT_RETURN_TYPE = YES_ERROR;
				GCC_WARN_UNDECLARED_SELECTOR = YES;
				GCC_WARN_UNINITIALIZED_AUTOS = YES_AGGRESSIVE;
				GCC_WARN_UNUSED_FUNCTION = YES;
				GCC_WARN_UNUSED_VARIABLE = YES;
				IPHONEOS_DEPLOYMENT_TARGET = 10.2;
				MTL_ENABLE_DEBUG_INFO = YES;
				ONLY_ACTIVE_ARCH = YES;
				SDKROOT = iphoneos;
				SWIFT_ACTIVE_COMPILATION_CONDITIONS = DEBUG;
				SWIFT_OPTIMIZATION_LEVEL = "-Onone";
				TARGETED_DEVICE_FAMILY = "1,2";
			};
			name = Debug;
		};
		8709D38F1E06B2EC0030BEDF /* Release */ = {
			isa = XCBuildConfiguration;
			buildSettings = {
				ALWAYS_SEARCH_USER_PATHS = NO;
				CLANG_ANALYZER_NONNULL = YES;
				CLANG_CXX_LANGUAGE_STANDARD = "gnu++0x";
				CLANG_CXX_LIBRARY = "libc++";
				CLANG_ENABLE_MODULES = YES;
				CLANG_ENABLE_OBJC_ARC = YES;
				CLANG_WARN_BOOL_CONVERSION = YES;
				CLANG_WARN_CONSTANT_CONVERSION = YES;
				CLANG_WARN_DIRECT_OBJC_ISA_USAGE = YES_ERROR;
				CLANG_WARN_DOCUMENTATION_COMMENTS = YES;
				CLANG_WARN_EMPTY_BODY = YES;
				CLANG_WARN_ENUM_CONVERSION = YES;
				CLANG_WARN_INFINITE_RECURSION = YES;
				CLANG_WARN_INT_CONVERSION = YES;
				CLANG_WARN_OBJC_ROOT_CLASS = YES_ERROR;
				CLANG_WARN_SUSPICIOUS_MOVE = YES;
				CLANG_WARN_UNREACHABLE_CODE = YES;
				CLANG_WARN__DUPLICATE_METHOD_MATCH = YES;
				"CODE_SIGN_IDENTITY[sdk=iphoneos*]" = "iPhone Developer";
				COPY_PHASE_STRIP = NO;
				DEBUG_INFORMATION_FORMAT = "dwarf-with-dsym";
				ENABLE_NS_ASSERTIONS = NO;
				ENABLE_STRICT_OBJC_MSGSEND = YES;
				GCC_C_LANGUAGE_STANDARD = gnu99;
				GCC_NO_COMMON_BLOCKS = YES;
				GCC_WARN_64_TO_32_BIT_CONVERSION = YES;
				GCC_WARN_ABOUT_RETURN_TYPE = YES_ERROR;
				GCC_WARN_UNDECLARED_SELECTOR = YES;
				GCC_WARN_UNINITIALIZED_AUTOS = YES_AGGRESSIVE;
				GCC_WARN_UNUSED_FUNCTION = YES;
				GCC_WARN_UNUSED_VARIABLE = YES;
				IPHONEOS_DEPLOYMENT_TARGET = 10.2;
				MTL_ENABLE_DEBUG_INFO = NO;
				SDKROOT = iphoneos;
				SWIFT_OPTIMIZATION_LEVEL = "-Owholemodule";
				TARGETED_DEVICE_FAMILY = "1,2";
				VALIDATE_PRODUCT = YES;
			};
			name = Release;
		};
		8709D3911E06B2EC0030BEDF /* Debug */ = {
			isa = XCBuildConfiguration;
			buildSettings = {
				ASSETCATALOG_COMPILER_APPICON_NAME = AppIcon;
				INFOPLIST_FILE = "SL-Scanner/Info.plist";
				LD_RUNPATH_SEARCH_PATHS = "$(inherited) @executable_path/Frameworks";
				PRODUCT_BUNDLE_IDENTIFIER = "soundandlights.SL-Scanner";
				PRODUCT_NAME = "$(TARGET_NAME)";
				SWIFT_VERSION = 3.0;
			};
			name = Debug;
		};
		8709D3921E06B2EC0030BEDF /* Release */ = {
			isa = XCBuildConfiguration;
			buildSettings = {
				ASSETCATALOG_COMPILER_APPICON_NAME = AppIcon;
				INFOPLIST_FILE = "SL-Scanner/Info.plist";
				LD_RUNPATH_SEARCH_PATHS = "$(inherited) @executable_path/Frameworks";
				PRODUCT_BUNDLE_IDENTIFIER = "soundandlights.SL-Scanner";
				PRODUCT_NAME = "$(TARGET_NAME)";
				SWIFT_VERSION = 3.0;
			};
			name = Release;
		};
		8709D3941E06B2EC0030BEDF /* Debug */ = {
			isa = XCBuildConfiguration;
			buildSettings = {
				ALWAYS_EMBED_SWIFT_STANDARD_LIBRARIES = YES;
				BUNDLE_LOADER = "$(TEST_HOST)";
				INFOPLIST_FILE = "SL-ScannerTests/Info.plist";
				LD_RUNPATH_SEARCH_PATHS = "$(inherited) @executable_path/Frameworks @loader_path/Frameworks";
				PRODUCT_BUNDLE_IDENTIFIER = "soundandlights.SL-ScannerTests";
				PRODUCT_NAME = "$(TARGET_NAME)";
				SWIFT_VERSION = 3.0;
				TEST_HOST = "$(BUILT_PRODUCTS_DIR)/SL-Scanner.app/SL-Scanner";
			};
			name = Debug;
		};
		8709D3951E06B2EC0030BEDF /* Release */ = {
			isa = XCBuildConfiguration;
			buildSettings = {
				ALWAYS_EMBED_SWIFT_STANDARD_LIBRARIES = YES;
				BUNDLE_LOADER = "$(TEST_HOST)";
				INFOPLIST_FILE = "SL-ScannerTests/Info.plist";
				LD_RUNPATH_SEARCH_PATHS = "$(inherited) @executable_path/Frameworks @loader_path/Frameworks";
				PRODUCT_BUNDLE_IDENTIFIER = "soundandlights.SL-ScannerTests";
				PRODUCT_NAME = "$(TARGET_NAME)";
				SWIFT_VERSION = 3.0;
				TEST_HOST = "$(BUILT_PRODUCTS_DIR)/SL-Scanner.app/SL-Scanner";
			};
			name = Release;
		};
		8709D3971E06B2EC0030BEDF /* Debug */ = {
			isa = XCBuildConfiguration;
			buildSettings = {
				ALWAYS_EMBED_SWIFT_STANDARD_LIBRARIES = YES;
				INFOPLIST_FILE = "SL-ScannerUITests/Info.plist";
				LD_RUNPATH_SEARCH_PATHS = "$(inherited) @executable_path/Frameworks @loader_path/Frameworks";
				PRODUCT_BUNDLE_IDENTIFIER = "soundandlights.SL-ScannerUITests";
				PRODUCT_NAME = "$(TARGET_NAME)";
				SWIFT_VERSION = 3.0;
				TEST_TARGET_NAME = "SL-Scanner";
			};
			name = Debug;
		};
		8709D3981E06B2EC0030BEDF /* Release */ = {
			isa = XCBuildConfiguration;
			buildSettings = {
				ALWAYS_EMBED_SWIFT_STANDARD_LIBRARIES = YES;
				INFOPLIST_FILE = "SL-ScannerUITests/Info.plist";
				LD_RUNPATH_SEARCH_PATHS = "$(inherited) @executable_path/Frameworks @loader_path/Frameworks";
				PRODUCT_BUNDLE_IDENTIFIER = "soundandlights.SL-ScannerUITests";
				PRODUCT_NAME = "$(TARGET_NAME)";
				SWIFT_VERSION = 3.0;
				TEST_TARGET_NAME = "SL-Scanner";
			};
			name = Release;
		};
/* End XCBuildConfiguration section */

/* Begin XCConfigurationList section */
		8709D35F1E06B2EC0030BEDF /* Build configuration list for PBXProject "SL-Scanner" */ = {
			isa = XCConfigurationList;
			buildConfigurations = (
				8709D38E1E06B2EC0030BEDF /* Debug */,
				8709D38F1E06B2EC0030BEDF /* Release */,
			);
			defaultConfigurationIsVisible = 0;
			defaultConfigurationName = Release;
		};
		8709D3901E06B2EC0030BEDF /* Build configuration list for PBXNativeTarget "SL-Scanner" */ = {
			isa = XCConfigurationList;
			buildConfigurations = (
				8709D3911E06B2EC0030BEDF /* Debug */,
				8709D3921E06B2EC0030BEDF /* Release */,
			);
			defaultConfigurationIsVisible = 0;
		};
		8709D3931E06B2EC0030BEDF /* Build configuration list for PBXNativeTarget "SL-ScannerTests" */ = {
			isa = XCConfigurationList;
			buildConfigurations = (
				8709D3941E06B2EC0030BEDF /* Debug */,
				8709D3951E06B2EC0030BEDF /* Release */,
			);
			defaultConfigurationIsVisible = 0;
		};
		8709D3961E06B2EC0030BEDF /* Build configuration list for PBXNativeTarget "SL-ScannerUITests" */ = {
			isa = XCConfigurationList;
			buildConfigurations = (
				8709D3971E06B2EC0030BEDF /* Debug */,
				8709D3981E06B2EC0030BEDF /* Release */,
			);
			defaultConfigurationIsVisible = 0;
		};
/* End XCConfigurationList section */
	};
	rootObject = 8709D35C1E06B2EC0030BEDF /* Project object */;
}
